
Microsoft Visual Studio Solution File, Format Version 12.00
# Visual Studio Version 16
VisualStudioVersion = 25.0.1706.7
MinimumVisualStudioVersion = 10.0.40219.1
Project("{FAE04EC0-301F-11D3-BF4B-00C04F79EFBC}") = "proiect3", "proiect3\proiect3.csproj", "{CDAB858C-22E4-4F2E-90A3-B2EF626C1E62}"
EndProject
Global
	GlobalSection(SolutionConfigurationPlatforms) = preSolution
		Debug|Any CPU = Debug|Any CPU
		Release|Any CPU = Release|Any CPU
	EndGlobalSection
	GlobalSection(ProjectConfigurationPlatforms) = postSolution
		{CDAB858C-22E4-4F2E-90A3-B2EF626C1E62}.Debug|Any CPU.ActiveCfg = Debug|Any CPU
		{CDAB858C-22E4-4F2E-90A3-B2EF626C1E62}.Debug|Any CPU.Build.0 = Debug|Any CPU
		{CDAB858C-22E4-4F2E-90A3-B2EF626C1E62}.Release|Any CPU.ActiveCfg = Release|Any CPU
		{CDAB858C-22E4-4F2E-90A3-B2EF626C1E62}.Release|Any CPU.Build.0 = Release|Any CPU
	EndGlobalSection
	GlobalSection(SolutionProperties) = preSolution
		HideSolutionNode = FALSE
	EndGlobalSection
	GlobalSection(ExtensibilityGlobals) = postSolution
		SolutionGuid = {00D631A9-2A85-437E-B470-07E168AA8489}
	EndGlobalSection
EndGlobal
